
Microsoft Visual Studio Solution File, Format Version 12.00
# Visual Studio Version 17
VisualStudioVersion = 17.0.31717.71
MinimumVisualStudioVersion = 10.0.40219.1
Project("{9A19103F-16F7-4668-BE54-9A1E7A4F7556}") = "Timo", "Timo.csproj", "{5282BFCF-700C-49E4-8E87-EDECBAE7C9F4}"
EndProject
Project("{FAE04EC0-301F-11D3-BF4B-00C04F79EFBC}") = "Timo2", "Timo2\Timo2.csproj", "{F1B23E7D-F8D5-4394-9642-27F8141727B2}"
EndProject
Global
	GlobalSection(SolutionConfigurationPlatforms) = preSolution
		Debug|Any CPU = Debug|Any CPU
		Release|Any CPU = Release|Any CPU
	EndGlobalSection
	GlobalSection(ProjectConfigurationPlatforms) = postSolution
		{5282BFCF-700C-49E4-8E87-EDECBAE7C9F4}.Debug|Any CPU.ActiveCfg = Debug|Any CPU
		{5282BFCF-700C-49E4-8E87-EDECBAE7C9F4}.Debug|Any CPU.Build.0 = Debug|Any CPU
		{5282BFCF-700C-49E4-8E87-EDECBAE7C9F4}.Release|Any CPU.ActiveCfg = Release|Any CPU
		{5282BFCF-700C-49E4-8E87-EDECBAE7C9F4}.Release|Any CPU.Build.0 = Release|Any CPU
		{F1B23E7D-F8D5-4394-9642-27F8141727B2}.Debug|Any CPU.ActiveCfg = Debug|Any CPU
		{F1B23E7D-F8D5-4394-9642-27F8141727B2}.Debug|Any CPU.Build.0 = Debug|Any CPU
		{F1B23E7D-F8D5-4394-9642-27F8141727B2}.Release|Any CPU.ActiveCfg = Release|Any CPU
		{F1B23E7D-F8D5-4394-9642-27F8141727B2}.Release|Any CPU.Build.0 = Release|Any CPU
	EndGlobalSection
	GlobalSection(SolutionProperties) = preSolution
		HideSolutionNode = FALSE
	EndGlobalSection
	GlobalSection(ExtensibilityGlobals) = postSolution
		SolutionGuid = {A63C0426-0450-4CA0-80D5-C1FA42283D5B}
	EndGlobalSection
EndGlobal
